
Microsoft Visual Studio Solution File, Format Version 12.00
# Visual Studio 15
VisualStudioVersion = 15.0.27130.2010
MinimumVisualStudioVersion = 10.0.40219.1
Project("{FAE04EC0-301F-11D3-BF4B-00C04F79EFBC}") = "MergeLinkedLists", "MergeLinkedLists\MergeLinkedLists.csproj", "{2C5D1039-E77E-4C76-8FD6-0759E399B2D5}"
EndProject
Project("{FAE04EC0-301F-11D3-BF4B-00C04F79EFBC}") = "MergeLinkedLists.Tests", "MergeLinkedLists.Tests\MergeLinkedLists.Tests.csproj", "{BF832A45-23CE-45C6-90F4-40CDAFFE621F}"
EndProject
Global
	GlobalSection(SolutionConfigurationPlatforms) = preSolution
		Debug|Any CPU = Debug|Any CPU
		Release|Any CPU = Release|Any CPU
	EndGlobalSection
	GlobalSection(ProjectConfigurationPlatforms) = postSolution
		{2C5D1039-E77E-4C76-8FD6-0759E399B2D5}.Debug|Any CPU.ActiveCfg = Debug|Any CPU
		{2C5D1039-E77E-4C76-8FD6-0759E399B2D5}.Debug|Any CPU.Build.0 = Debug|Any CPU
		{2C5D1039-E77E-4C76-8FD6-0759E399B2D5}.Release|Any CPU.ActiveCfg = Release|Any CPU
		{2C5D1039-E77E-4C76-8FD6-0759E399B2D5}.Release|Any CPU.Build.0 = Release|Any CPU
		{BF832A45-23CE-45C6-90F4-40CDAFFE621F}.Debug|Any CPU.ActiveCfg = Debug|Any CPU
		{BF832A45-23CE-45C6-90F4-40CDAFFE621F}.Debug|Any CPU.Build.0 = Debug|Any CPU
		{BF832A45-23CE-45C6-90F4-40CDAFFE621F}.Release|Any CPU.ActiveCfg = Release|Any CPU
		{BF832A45-23CE-45C6-90F4-40CDAFFE621F}.Release|Any CPU.Build.0 = Release|Any CPU
	EndGlobalSection
	GlobalSection(SolutionProperties) = preSolution
		HideSolutionNode = FALSE
	EndGlobalSection
	GlobalSection(ExtensibilityGlobals) = postSolution
		SolutionGuid = {CD1BD570-2149-4207-81D1-BC99EB4C4F20}
	EndGlobalSection
EndGlobal
